// !$*UTF8*$!
{
	archiveVersion = 1;
	classes = {
	};
	objectVersion = 55;
	objects = {

/* Begin PBXBuildFile section */
		CE3CB312284CD1BB00B189A9 /* StockResponse.swift in Sources */ = {isa = PBXBuildFile; fileRef = CE3CB311284CD1BB00B189A9 /* StockResponse.swift */; };
		CE3CB316284CD1F500B189A9 /* NSObject+Ext.swift in Sources */ = {isa = PBXBuildFile; fileRef = CE3CB315284CD1F500B189A9 /* NSObject+Ext.swift */; };
		CE3CB318284CD21000B189A9 /* Formatter+Ext.swift in Sources */ = {isa = PBXBuildFile; fileRef = CE3CB317284CD21000B189A9 /* Formatter+Ext.swift */; };
		CE3CB31A284CD22E00B189A9 /* Numeric+Ext.swift in Sources */ = {isa = PBXBuildFile; fileRef = CE3CB319284CD22E00B189A9 /* Numeric+Ext.swift */; };
		CE4214FA28478FA600952057 /* Montserrat-Bold.ttf in Resources */ = {isa = PBXBuildFile; fileRef = CE4214F928478FA600952057 /* Montserrat-Bold.ttf */; };
		CE4214FC28478FD800952057 /* Montserrat-SemiBold.ttf in Resources */ = {isa = PBXBuildFile; fileRef = CE4214FB28478FD800952057 /* Montserrat-SemiBold.ttf */; };
		CEAC0573283E483000C033A9 /* StockTableViewCell.swift in Sources */ = {isa = PBXBuildFile; fileRef = CEAC0572283E483000C033A9 /* StockTableViewCell.swift */; };
		CED838FC283CB2EE00608B2E /* AppDelegate.swift in Sources */ = {isa = PBXBuildFile; fileRef = CED838FB283CB2EE00608B2E /* AppDelegate.swift */; };
		CED83900283CB2EE00608B2E /* MainScreenViewController.swift in Sources */ = {isa = PBXBuildFile; fileRef = CED838FF283CB2EE00608B2E /* MainScreenViewController.swift */; };
		CED83905283CB2F200608B2E /* Assets.xcassets in Resources */ = {isa = PBXBuildFile; fileRef = CED83904283CB2F200608B2E /* Assets.xcassets */; };
		CED83908283CB2F200608B2E /* LaunchScreen.storyboard in Resources */ = {isa = PBXBuildFile; fileRef = CED83906283CB2F200608B2E /* LaunchScreen.storyboard */; };
		CEF78A0A2840BB60005906F9 /* Router.swift in Sources */ = {isa = PBXBuildFile; fileRef = CEF78A092840BB60005906F9 /* Router.swift */; };
		CEF78A0C2840BB8B005906F9 /* NetworkService.swift in Sources */ = {isa = PBXBuildFile; fileRef = CEF78A0B2840BB8B005906F9 /* NetworkService.swift */; };
		CEF78A0E2840BBB3005906F9 /* NetworkError.swift in Sources */ = {isa = PBXBuildFile; fileRef = CEF78A0D2840BBB3005906F9 /* NetworkError.swift */; };
		CEF78A102840BBD7005906F9 /* HTTPMethod.swift in Sources */ = {isa = PBXBuildFile; fileRef = CEF78A0F2840BBD7005906F9 /* HTTPMethod.swift */; };
		CEF78A142840C2E9005906F9 /* StockService.swift in Sources */ = {isa = PBXBuildFile; fileRef = CEF78A132840C2E9005906F9 /* StockService.swift */; };
		CEF78A392841586F005906F9 /* DetailsViewController.swift in Sources */ = {isa = PBXBuildFile; fileRef = CEF78A382841586E005906F9 /* DetailsViewController.swift */; };
/* End PBXBuildFile section */

/* Begin PBXFileReference section */
		CE3CB311284CD1BB00B189A9 /* StockResponse.swift */ = {isa = PBXFileReference; lastKnownFileType = sourcecode.swift; path = StockResponse.swift; sourceTree = "<group>"; };
		CE3CB315284CD1F500B189A9 /* NSObject+Ext.swift */ = {isa = PBXFileReference; lastKnownFileType = sourcecode.swift; path = "NSObject+Ext.swift"; sourceTree = "<group>"; };
		CE3CB317284CD21000B189A9 /* Formatter+Ext.swift */ = {isa = PBXFileReference; lastKnownFileType = sourcecode.swift; path = "Formatter+Ext.swift"; sourceTree = "<group>"; };
		CE3CB319284CD22E00B189A9 /* Numeric+Ext.swift */ = {isa = PBXFileReference; lastKnownFileType = sourcecode.swift; path = "Numeric+Ext.swift"; sourceTree = "<group>"; };
		CE4214F928478FA600952057 /* Montserrat-Bold.ttf */ = {isa = PBXFileReference; lastKnownFileType = file; name = "Montserrat-Bold.ttf"; path = "../../../../../Downloads/Montserrat/static/Montserrat-Bold.ttf"; sourceTree = "<group>"; };
		CE4214FB28478FD800952057 /* Montserrat-SemiBold.ttf */ = {isa = PBXFileReference; lastKnownFileType = file; name = "Montserrat-SemiBold.ttf"; path = "../../../../../Downloads/Montserrat/static/Montserrat-SemiBold.ttf"; sourceTree = "<group>"; };
		CEAC0572283E483000C033A9 /* StockTableViewCell.swift */ = {isa = PBXFileReference; lastKnownFileType = sourcecode.swift; path = StockTableViewCell.swift; sourceTree = "<group>"; };
		CED838F8283CB2EE00608B2E /* Stocks.app */ = {isa = PBXFileReference; explicitFileType = wrapper.application; includeInIndex = 0; path = Stocks.app; sourceTree = BUILT_PRODUCTS_DIR; };
		CED838FB283CB2EE00608B2E /* AppDelegate.swift */ = {isa = PBXFileReference; lastKnownFileType = sourcecode.swift; path = AppDelegate.swift; sourceTree = "<group>"; };
		CED838FF283CB2EE00608B2E /* MainScreenViewController.swift */ = {isa = PBXFileReference; lastKnownFileType = sourcecode.swift; path = MainScreenViewController.swift; sourceTree = "<group>"; };
		CED83904283CB2F200608B2E /* Assets.xcassets */ = {isa = PBXFileReference; lastKnownFileType = folder.assetcatalog; path = Assets.xcassets; sourceTree = "<group>"; };
		CED83907283CB2F200608B2E /* Base */ = {isa = PBXFileReference; lastKnownFileType = file.storyboard; name = Base; path = Base.lproj/LaunchScreen.storyboard; sourceTree = "<group>"; };
		CED83909283CB2F200608B2E /* Info.plist */ = {isa = PBXFileReference; lastKnownFileType = text.plist.xml; path = Info.plist; sourceTree = "<group>"; };
		CEF78A092840BB60005906F9 /* Router.swift */ = {isa = PBXFileReference; lastKnownFileType = sourcecode.swift; path = Router.swift; sourceTree = "<group>"; };
		CEF78A0B2840BB8B005906F9 /* NetworkService.swift */ = {isa = PBXFileReference; lastKnownFileType = sourcecode.swift; path = NetworkService.swift; sourceTree = "<group>"; };
		CEF78A0D2840BBB3005906F9 /* NetworkError.swift */ = {isa = PBXFileReference; lastKnownFileType = sourcecode.swift; path = NetworkError.swift; sourceTree = "<group>"; };
		CEF78A0F2840BBD7005906F9 /* HTTPMethod.swift */ = {isa = PBXFileReference; lastKnownFileType = sourcecode.swift; path = HTTPMethod.swift; sourceTree = "<group>"; };
		CEF78A132840C2E9005906F9 /* StockService.swift */ = {isa = PBXFileReference; lastKnownFileType = sourcecode.swift; path = StockService.swift; sourceTree = "<group>"; };
		CEF78A382841586E005906F9 /* DetailsViewController.swift */ = {isa = PBXFileReference; lastKnownFileType = sourcecode.swift; path = DetailsViewController.swift; sourceTree = "<group>"; };
/* End PBXFileReference section */

/* Begin PBXFrameworksBuildPhase section */
		CED838F5283CB2EE00608B2E /* Frameworks */ = {
			isa = PBXFrameworksBuildPhase;
			buildActionMask = 2147483647;
			files = (
			);
			runOnlyForDeploymentPostprocessing = 0;
		};
/* End PBXFrameworksBuildPhase section */

/* Begin PBXGroup section */
		CE3CB313284CD1D600B189A9 /* Core */ = {
			isa = PBXGroup;
			children = (
				CE3CB314284CD1DA00B189A9 /* Extension */,
			);
			path = Core;
			sourceTree = "<group>";
		};
		CE3CB314284CD1DA00B189A9 /* Extension */ = {
			isa = PBXGroup;
			children = (
				CE3CB315284CD1F500B189A9 /* NSObject+Ext.swift */,
				CE3CB317284CD21000B189A9 /* Formatter+Ext.swift */,
				CE3CB319284CD22E00B189A9 /* Numeric+Ext.swift */,
			);
			path = Extension;
			sourceTree = "<group>";
		};
		CE4214FD2847994C00952057 /* Presenter */ = {
			isa = PBXGroup;
			children = (
			);
			path = Presenter;
			sourceTree = "<group>";
		};
		CE4214FE2847995700952057 /* Model */ = {
			isa = PBXGroup;
			children = (
			);
			path = Model;
			sourceTree = "<group>";
		};
		CE49720C28400BC1007BB7CA /* Application */ = {
			isa = PBXGroup;
			children = (
				CED838FB283CB2EE00608B2E /* AppDelegate.swift */,
			);
			path = Application;
			sourceTree = "<group>";
		};
		CE49720D2840133C007BB7CA /* Screens */ = {
			isa = PBXGroup;
			children = (
				CEF78A3628415844005906F9 /* DetailsScreen */,
				CE49720F284013B6007BB7CA /* StockScreen */,
				CE49720E284013A8007BB7CA /* Services */,
			);
			path = Screens;
			sourceTree = "<group>";
		};
		CE49720E284013A8007BB7CA /* Services */ = {
			isa = PBXGroup;
			children = (
				CEF78A112840C29D005906F9 /* NetworkServices */,
			);
			path = Services;
			sourceTree = "<group>";
		};
		CE49720F284013B6007BB7CA /* StockScreen */ = {
			isa = PBXGroup;
			children = (
				CE4214FE2847995700952057 /* Model */,
				CE4214FD2847994C00952057 /* Presenter */,
				CEF78A122840C2C7005906F9 /* Service */,
				CE4972112840140F007BB7CA /* View */,
			);
			path = StockScreen;
			sourceTree = "<group>";
		};
		CE4972112840140F007BB7CA /* View */ = {
			isa = PBXGroup;
			children = (
				CED838FF283CB2EE00608B2E /* MainScreenViewController.swift */,
				CE49721328401435007BB7CA /* Cell */,
			);
			path = View;
			sourceTree = "<group>";
		};
		CE49721328401435007BB7CA /* Cell */ = {
			isa = PBXGroup;
			children = (
				CEAC0572283E483000C033A9 /* StockTableViewCell.swift */,
			);
			path = Cell;
			sourceTree = "<group>";
		};
		CE49721828401540007BB7CA /* Sources */ = {
			isa = PBXGroup;
			children = (
				CED83909283CB2F200608B2E /* Info.plist */,
				CE4214FB28478FD800952057 /* Montserrat-SemiBold.ttf */,
				CE4214F928478FA600952057 /* Montserrat-Bold.ttf */,
				CED83904283CB2F200608B2E /* Assets.xcassets */,
			);
			path = Sources;
			sourceTree = "<group>";
		};
		CED838EF283CB2EE00608B2E = {
			isa = PBXGroup;
			children = (
				CED838FA283CB2EE00608B2E /* Stocks */,
				CED838F9283CB2EE00608B2E /* Products */,
			);
			sourceTree = "<group>";
		};
		CED838F9283CB2EE00608B2E /* Products */ = {
			isa = PBXGroup;
			children = (
				CED838F8283CB2EE00608B2E /* Stocks.app */,
			);
			name = Products;
			sourceTree = "<group>";
		};
		CED838FA283CB2EE00608B2E /* Stocks */ = {
			isa = PBXGroup;
			children = (
				CE3CB313284CD1D600B189A9 /* Core */,
				CE49720D2840133C007BB7CA /* Screens */,
				CE49720C28400BC1007BB7CA /* Application */,
				CED83906283CB2F200608B2E /* LaunchScreen.storyboard */,
				CE49721828401540007BB7CA /* Sources */,
			);
			path = Stocks;
			sourceTree = "<group>";
		};
		CEF78A112840C29D005906F9 /* NetworkServices */ = {
			isa = PBXGroup;
			children = (
				CEF78A092840BB60005906F9 /* Router.swift */,
				CEF78A0F2840BBD7005906F9 /* HTTPMethod.swift */,
				CEF78A0D2840BBB3005906F9 /* NetworkError.swift */,
				CEF78A0B2840BB8B005906F9 /* NetworkService.swift */,
			);
			path = NetworkServices;
			sourceTree = "<group>";
		};
		CEF78A122840C2C7005906F9 /* Service */ = {
			isa = PBXGroup;
			children = (
				CEF78A132840C2E9005906F9 /* StockService.swift */,
				CE3CB311284CD1BB00B189A9 /* StockResponse.swift */,
			);
			path = Service;
			sourceTree = "<group>";
		};
		CEF78A3628415844005906F9 /* DetailsScreen */ = {
			isa = PBXGroup;
			children = (
				CEF78A3728415852005906F9 /* View */,
			);
			path = DetailsScreen;
			sourceTree = "<group>";
		};
		CEF78A3728415852005906F9 /* View */ = {
			isa = PBXGroup;
			children = (
				CEF78A382841586E005906F9 /* DetailsViewController.swift */,
			);
			path = View;
			sourceTree = "<group>";
		};
/* End PBXGroup section */

/* Begin PBXNativeTarget section */
		CED838F7283CB2EE00608B2E /* Stocks */ = {
			isa = PBXNativeTarget;
			buildConfigurationList = CED8390C283CB2F200608B2E /* Build configuration list for PBXNativeTarget "Stocks" */;
			buildPhases = (
				CED838F4283CB2EE00608B2E /* Sources */,
				CED838F5283CB2EE00608B2E /* Frameworks */,
				CED838F6283CB2EE00608B2E /* Resources */,
			);
			buildRules = (
			);
			dependencies = (
			);
			name = Stocks;
			productName = Stocks;
			productReference = CED838F8283CB2EE00608B2E /* Stocks.app */;
			productType = "com.apple.product-type.application";
		};
/* End PBXNativeTarget section */

/* Begin PBXProject section */
		CED838F0283CB2EE00608B2E /* Project object */ = {
			isa = PBXProject;
			attributes = {
				BuildIndependentTargetsInParallel = 1;
				LastSwiftUpdateCheck = 1320;
				LastUpgradeCheck = 1320;
				TargetAttributes = {
					CED838F7283CB2EE00608B2E = {
						CreatedOnToolsVersion = 13.2.1;
					};
				};
			};
			buildConfigurationList = CED838F3283CB2EE00608B2E /* Build configuration list for PBXProject "Stocks" */;
			compatibilityVersion = "Xcode 13.0";
			developmentRegion = en;
			hasScannedForEncodings = 0;
			knownRegions = (
				en,
				Base,
			);
			mainGroup = CED838EF283CB2EE00608B2E;
			productRefGroup = CED838F9283CB2EE00608B2E /* Products */;
			projectDirPath = "";
			projectRoot = "";
			targets = (
				CED838F7283CB2EE00608B2E /* Stocks */,
			);
		};
/* End PBXProject section */

/* Begin PBXResourcesBuildPhase section */
		CED838F6283CB2EE00608B2E /* Resources */ = {
			isa = PBXResourcesBuildPhase;
			buildActionMask = 2147483647;
			files = (
				CED83908283CB2F200608B2E /* LaunchScreen.storyboard in Resources */,
				CED83905283CB2F200608B2E /* Assets.xcassets in Resources */,
				CE4214FC28478FD800952057 /* Montserrat-SemiBold.ttf in Resources */,
				CE4214FA28478FA600952057 /* Montserrat-Bold.ttf in Resources */,
			);
			runOnlyForDeploymentPostprocessing = 0;
		};
/* End PBXResourcesBuildPhase section */

/* Begin PBXSourcesBuildPhase section */
		CED838F4283CB2EE00608B2E /* Sources */ = {
			isa = PBXSourcesBuildPhase;
			buildActionMask = 2147483647;
			files = (
				CE3CB316284CD1F500B189A9 /* NSObject+Ext.swift in Sources */,
				CEF78A0C2840BB8B005906F9 /* NetworkService.swift in Sources */,
				CEF78A0A2840BB60005906F9 /* Router.swift in Sources */,
				CEF78A392841586F005906F9 /* DetailsViewController.swift in Sources */,
				CE3CB312284CD1BB00B189A9 /* StockResponse.swift in Sources */,
				CE3CB31A284CD22E00B189A9 /* Numeric+Ext.swift in Sources */,
				CEF78A142840C2E9005906F9 /* StockService.swift in Sources */,
				CEF78A102840BBD7005906F9 /* HTTPMethod.swift in Sources */,
				CED83900283CB2EE00608B2E /* MainScreenViewController.swift in Sources */,
				CEF78A0E2840BBB3005906F9 /* NetworkError.swift in Sources */,
				CEAC0573283E483000C033A9 /* StockTableViewCell.swift in Sources */,
				CE3CB318284CD21000B189A9 /* Formatter+Ext.swift in Sources */,
				CED838FC283CB2EE00608B2E /* AppDelegate.swift in Sources */,
			);
			runOnlyForDeploymentPostprocessing = 0;
		};
/* End PBXSourcesBuildPhase section */

/* Begin PBXVariantGroup section */
		CED83906283CB2F200608B2E /* LaunchScreen.storyboard */ = {
			isa = PBXVariantGroup;
			children = (
				CED83907283CB2F200608B2E /* Base */,
			);
			name = LaunchScreen.storyboard;
			sourceTree = "<group>";
		};
/* End PBXVariantGroup section */

/* Begin XCBuildConfiguration section */
		CED8390A283CB2F200608B2E /* Debug */ = {
			isa = XCBuildConfiguration;
			buildSettings = {
				ALWAYS_SEARCH_USER_PATHS = NO;
				CLANG_ANALYZER_NONNULL = YES;
				CLANG_ANALYZER_NUMBER_OBJECT_CONVERSION = YES_AGGRESSIVE;
				CLANG_CXX_LANGUAGE_STANDARD = "gnu++17";
				CLANG_CXX_LIBRARY = "libc++";
				CLANG_ENABLE_MODULES = YES;
				CLANG_ENABLE_OBJC_ARC = YES;
				CLANG_ENABLE_OBJC_WEAK = YES;
				CLANG_WARN_BLOCK_CAPTURE_AUTORELEASING = YES;
				CLANG_WARN_BOOL_CONVERSION = YES;
				CLANG_WARN_COMMA = YES;
				CLANG_WARN_CONSTANT_CONVERSION = YES;
				CLANG_WARN_DEPRECATED_OBJC_IMPLEMENTATIONS = YES;
				CLANG_WARN_DIRECT_OBJC_ISA_USAGE = YES_ERROR;
				CLANG_WARN_DOCUMENTATION_COMMENTS = YES;
				CLANG_WARN_EMPTY_BODY = YES;
				CLANG_WARN_ENUM_CONVERSION = YES;
				CLANG_WARN_INFINITE_RECURSION = YES;
				CLANG_WARN_INT_CONVERSION = YES;
				CLANG_WARN_NON_LITERAL_NULL_CONVERSION = YES;
				CLANG_WARN_OBJC_IMPLICIT_RETAIN_SELF = YES;
				CLANG_WARN_OBJC_LITERAL_CONVERSION = YES;
				CLANG_WARN_OBJC_ROOT_CLASS = YES_ERROR;
				CLANG_WARN_QUOTED_INCLUDE_IN_FRAMEWORK_HEADER = YES;
				CLANG_WARN_RANGE_LOOP_ANALYSIS = YES;
				CLANG_WARN_STRICT_PROTOTYPES = YES;
				CLANG_WARN_SUSPICIOUS_MOVE = YES;
				CLANG_WARN_UNGUARDED_AVAILABILITY = YES_AGGRESSIVE;
				CLANG_WARN_UNREACHABLE_CODE = YES;
				CLANG_WARN__DUPLICATE_METHOD_MATCH = YES;
				COPY_PHASE_STRIP = NO;
				DEBUG_INFORMATION_FORMAT = dwarf;
				ENABLE_STRICT_OBJC_MSGSEND = YES;
				ENABLE_TESTABILITY = YES;
				GCC_C_LANGUAGE_STANDARD = gnu11;
				GCC_DYNAMIC_NO_PIC = NO;
				GCC_NO_COMMON_BLOCKS = YES;
				GCC_OPTIMIZATION_LEVEL = 0;
				GCC_PREPROCESSOR_DEFINITIONS = (
					"DEBUG=1",
					"$(inherited)",
				);
				GCC_WARN_64_TO_32_BIT_CONVERSION = YES;
				GCC_WARN_ABOUT_RETURN_TYPE = YES_ERROR;
				GCC_WARN_UNDECLARED_SELECTOR = YES;
				GCC_WARN_UNINITIALIZED_AUTOS = YES_AGGRESSIVE;
				GCC_WARN_UNUSED_FUNCTION = YES;
				GCC_WARN_UNUSED_VARIABLE = YES;
				IPHONEOS_DEPLOYMENT_TARGET = 15.2;
				MTL_ENABLE_DEBUG_INFO = INCLUDE_SOURCE;
				MTL_FAST_MATH = YES;
				ONLY_ACTIVE_ARCH = YES;
				SDKROOT = iphoneos;
				SWIFT_ACTIVE_COMPILATION_CONDITIONS = DEBUG;
				SWIFT_OPTIMIZATION_LEVEL = "-Onone";
			};
			name = Debug;
		};
		CED8390B283CB2F200608B2E /* Release */ = {
			isa = XCBuildConfiguration;
			buildSettings = {
				ALWAYS_SEARCH_USER_PATHS = NO;
				CLANG_ANALYZER_NONNULL = YES;
				CLANG_ANALYZER_NUMBER_OBJECT_CONVERSION = YES_AGGRESSIVE;
				CLANG_CXX_LANGUAGE_STANDARD = "gnu++17";
				CLANG_CXX_LIBRARY = "libc++";
				CLANG_ENABLE_MODULES = YES;
				CLANG_ENABLE_OBJC_ARC = YES;
				CLANG_ENABLE_OBJC_WEAK = YES;
				CLANG_WARN_BLOCK_CAPTURE_AUTORELEASING = YES;
				CLANG_WARN_BOOL_CONVERSION = YES;
				CLANG_WARN_COMMA = YES;
				CLANG_WARN_CONSTANT_CONVERSION = YES;
				CLANG_WARN_DEPRECATED_OBJC_IMPLEMENTATIONS = YES;
				CLANG_WARN_DIRECT_OBJC_ISA_USAGE = YES_ERROR;
				CLANG_WARN_DOCUMENTATION_COMMENTS = YES;
				CLANG_WARN_EMPTY_BODY = YES;
				CLANG_WARN_ENUM_CONVERSION = YES;
				CLANG_WARN_INFINITE_RECURSION = YES;
				CLANG_WARN_INT_CONVERSION = YES;
				CLANG_WARN_NON_LITERAL_NULL_CONVERSION = YES;
				CLANG_WARN_OBJC_IMPLICIT_RETAIN_SELF = YES;
				CLANG_WARN_OBJC_LITERAL_CONVERSION = YES;
				CLANG_WARN_OBJC_ROOT_CLASS = YES_ERROR;
				CLANG_WARN_QUOTED_INCLUDE_IN_FRAMEWORK_HEADER = YES;
				CLANG_WARN_RANGE_LOOP_ANALYSIS = YES;
				CLANG_WARN_STRICT_PROTOTYPES = YES;
				CLANG_WARN_SUSPICIOUS_MOVE = YES;
				CLANG_WARN_UNGUARDED_AVAILABILITY = YES_AGGRESSIVE;
				CLANG_WARN_UNREACHABLE_CODE = YES;
				CLANG_WARN__DUPLICATE_METHOD_MATCH = YES;
				COPY_PHASE_STRIP = NO;
				DEBUG_INFORMATION_FORMAT = "dwarf-with-dsym";
				ENABLE_NS_ASSERTIONS = NO;
				ENABLE_STRICT_OBJC_MSGSEND = YES;
				GCC_C_LANGUAGE_STANDARD = gnu11;
				GCC_NO_COMMON_BLOCKS = YES;
				GCC_WARN_64_TO_32_BIT_CONVERSION = YES;
				GCC_WARN_ABOUT_RETURN_TYPE = YES_ERROR;
				GCC_WARN_UNDECLARED_SELECTOR = YES;
				GCC_WARN_UNINITIALIZED_AUTOS = YES_AGGRESSIVE;
				GCC_WARN_UNUSED_FUNCTION = YES;
				GCC_WARN_UNUSED_VARIABLE = YES;
				IPHONEOS_DEPLOYMENT_TARGET = 15.2;
				MTL_ENABLE_DEBUG_INFO = NO;
				MTL_FAST_MATH = YES;
				SDKROOT = iphoneos;
				SWIFT_COMPILATION_MODE = wholemodule;
				SWIFT_OPTIMIZATION_LEVEL = "-O";
				VALIDATE_PRODUCT = YES;
			};
			name = Release;
		};
		CED8390D283CB2F200608B2E /* Debug */ = {
			isa = XCBuildConfiguration;
			buildSettings = {
				ASSETCATALOG_COMPILER_APPICON_NAME = AppIcon;
				ASSETCATALOG_COMPILER_GLOBAL_ACCENT_COLOR_NAME = AccentColor;
				CODE_SIGN_STYLE = Automatic;
				CURRENT_PROJECT_VERSION = 1;
				DEVELOPMENT_TEAM = 6L662LY2PK;
				GENERATE_INFOPLIST_FILE = YES;
				INFOPLIST_FILE = Stocks/Sources/Info.plist;
				INFOPLIST_KEY_UIApplicationSupportsIndirectInputEvents = YES;
				INFOPLIST_KEY_UILaunchStoryboardName = LaunchScreen;
				INFOPLIST_KEY_UISupportedInterfaceOrientations_iPad = "UIInterfaceOrientationPortrait UIInterfaceOrientationPortraitUpsideDown UIInterfaceOrientationLandscapeLeft UIInterfaceOrientationLandscapeRight";
				INFOPLIST_KEY_UISupportedInterfaceOrientations_iPhone = "UIInterfaceOrientationPortrait UIInterfaceOrientationLandscapeLeft UIInterfaceOrientationLandscapeRight";
				LD_RUNPATH_SEARCH_PATHS = (
					"$(inherited)",
					"@executable_path/Frameworks",
				);
				MARKETING_VERSION = 1.0;
				PRODUCT_BUNDLE_IDENTIFIER = yekaterina.tyan.Stocks;
				PRODUCT_NAME = "$(TARGET_NAME)";
				SWIFT_EMIT_LOC_STRINGS = YES;
				SWIFT_VERSION = 5.0;
				TARGETED_DEVICE_FAMILY = "1,2";
			};
			name = Debug;
		};
		CED8390E283CB2F200608B2E /* Release */ = {
			isa = XCBuildConfiguration;
			buildSettings = {
				ASSETCATALOG_COMPILER_APPICON_NAME = AppIcon;
				ASSETCATALOG_COMPILER_GLOBAL_ACCENT_COLOR_NAME = AccentColor;
				CODE_SIGN_STYLE = Automatic;
				CURRENT_PROJECT_VERSION = 1;
				DEVELOPMENT_TEAM = 6L662LY2PK;
				GENERATE_INFOPLIST_FILE = YES;
				INFOPLIST_FILE = Stocks/Sources/Info.plist;
				INFOPLIST_KEY_UIApplicationSupportsIndirectInputEvents = YES;
				INFOPLIST_KEY_UILaunchStoryboardName = LaunchScreen;
				INFOPLIST_KEY_UISupportedInterfaceOrientations_iPad = "UIInterfaceOrientationPortrait UIInterfaceOrientationPortraitUpsideDown UIInterfaceOrientationLandscapeLeft UIInterfaceOrientationLandscapeRight";
				INFOPLIST_KEY_UISupportedInterfaceOrientations_iPhone = "UIInterfaceOrientationPortrait UIInterfaceOrientationLandscapeLeft UIInterfaceOrientationLandscapeRight";
				LD_RUNPATH_SEARCH_PATHS = (
					"$(inherited)",
					"@executable_path/Frameworks",
				);
				MARKETING_VERSION = 1.0;
				PRODUCT_BUNDLE_IDENTIFIER = yekaterina.tyan.Stocks;
				PRODUCT_NAME = "$(TARGET_NAME)";
				SWIFT_EMIT_LOC_STRINGS = YES;
				SWIFT_VERSION = 5.0;
				TARGETED_DEVICE_FAMILY = "1,2";
			};
			name = Release;
		};
/* End XCBuildConfiguration section */

/* Begin XCConfigurationList section */
		CED838F3283CB2EE00608B2E /* Build configuration list for PBXProject "Stocks" */ = {
			isa = XCConfigurationList;
			buildConfigurations = (
				CED8390A283CB2F200608B2E /* Debug */,
				CED8390B283CB2F200608B2E /* Release */,
			);
			defaultConfigurationIsVisible = 0;
			defaultConfigurationName = Release;
		};
		CED8390C283CB2F200608B2E /* Build configuration list for PBXNativeTarget "Stocks" */ = {
			isa = XCConfigurationList;
			buildConfigurations = (
				CED8390D283CB2F200608B2E /* Debug */,
				CED8390E283CB2F200608B2E /* Release */,
			);
			defaultConfigurationIsVisible = 0;
			defaultConfigurationName = Release;
		};
/* End XCConfigurationList section */
	};
	rootObject = CED838F0283CB2EE00608B2E /* Project object */;
}
